
Microsoft Visual Studio Solution File, Format Version 12.00
# Visual Studio 15
VisualStudioVersion = 15.0.28010.2016
MinimumVisualStudioVersion = 10.0.40219.1
Project("{FAE04EC0-301F-11D3-BF4B-00C04F79EFBC}") = "CGB", "CGB\CGB.csproj", "{50F2F705-4ACE-4DDF-B7C3-15C95A05A0EC}"
EndProject
Global
	GlobalSection(SolutionConfigurationPlatforms) = preSolution
		Debug|Any CPU = Debug|Any CPU
		Release|Any CPU = Release|Any CPU
	EndGlobalSection
	GlobalSection(ProjectConfigurationPlatforms) = postSolution
		{50F2F705-4ACE-4DDF-B7C3-15C95A05A0EC}.Debug|Any CPU.ActiveCfg = Debug|Any CPU
		{50F2F705-4ACE-4DDF-B7C3-15C95A05A0EC}.Debug|Any CPU.Build.0 = Debug|Any CPU
		{50F2F705-4ACE-4DDF-B7C3-15C95A05A0EC}.Release|Any CPU.ActiveCfg = Release|Any CPU
		{50F2F705-4ACE-4DDF-B7C3-15C95A05A0EC}.Release|Any CPU.Build.0 = Release|Any CPU
	EndGlobalSection
	GlobalSection(SolutionProperties) = preSolution
		HideSolutionNode = FALSE
	EndGlobalSection
	GlobalSection(ExtensibilityGlobals) = postSolution
		SolutionGuid = {C71C4178-6E72-4F08-AEAC-4E6C5EBE0970}
	EndGlobalSection
EndGlobal
